
Microsoft Visual Studio Solution File, Format Version 12.00
# Visual Studio 15
VisualStudioVersion = 15.0.27004.2010
MinimumVisualStudioVersion = 10.0.40219.1
Project("{888888A0-9F3D-457C-B088-3A5042F75D52}") = "grid-analysis", "grid-analysis.pyproj", "{C5AFB267-22BD-4897-A878-E4418B02F25D}"
EndProject
Global
	GlobalSection(SolutionConfigurationPlatforms) = preSolution
		Debug|Any CPU = Debug|Any CPU
		Release|Any CPU = Release|Any CPU
	EndGlobalSection
	GlobalSection(ProjectConfigurationPlatforms) = postSolution
		{C5AFB267-22BD-4897-A878-E4418B02F25D}.Debug|Any CPU.ActiveCfg = Debug|Any CPU
		{C5AFB267-22BD-4897-A878-E4418B02F25D}.Release|Any CPU.ActiveCfg = Release|Any CPU
	EndGlobalSection
	GlobalSection(SolutionProperties) = preSolution
		HideSolutionNode = FALSE
	EndGlobalSection
	GlobalSection(ExtensibilityGlobals) = postSolution
		SolutionGuid = {DC6999A4-8A2A-456C-9DAE-AF5C4C91E082}
	EndGlobalSection
EndGlobal
